
Microsoft Visual Studio Solution File, Format Version 12.00
# Visual Studio Version 17
VisualStudioVersion = 17.14.36511.14 d17.14
MinimumVisualStudioVersion = 10.0.40219.1
Project("{FAE04EC0-301F-11D3-BF4B-00C04F79EFBC}") = "Devops", "Devops\Devops.csproj", "{8CD889C4-F84F-4868-A9A4-BA8320CDD276}"
EndProject
Project("{FAE04EC0-301F-11D3-BF4B-00C04F79EFBC}") = "Devops.Tests", "Devops.Tests\Devops.Tests.csproj", "{C19AD54A-88F1-4D1F-8893-4D1F1489D998}"
EndProject
Global
	GlobalSection(SolutionConfigurationPlatforms) = preSolution
		Debug|Any CPU = Debug|Any CPU
		Release|Any CPU = Release|Any CPU
	EndGlobalSection
	GlobalSection(ProjectConfigurationPlatforms) = postSolution
		{8CD889C4-F84F-4868-A9A4-BA8320CDD276}.Debug|Any CPU.ActiveCfg = Debug|Any CPU
		{8CD889C4-F84F-4868-A9A4-BA8320CDD276}.Debug|Any CPU.Build.0 = Debug|Any CPU
		{8CD889C4-F84F-4868-A9A4-BA8320CDD276}.Release|Any CPU.ActiveCfg = Release|Any CPU
		{8CD889C4-F84F-4868-A9A4-BA8320CDD276}.Release|Any CPU.Build.0 = Release|Any CPU
		{C19AD54A-88F1-4D1F-8893-4D1F1489D998}.Debug|Any CPU.ActiveCfg = Debug|Any CPU
		{C19AD54A-88F1-4D1F-8893-4D1F1489D998}.Debug|Any CPU.Build.0 = Debug|Any CPU
		{C19AD54A-88F1-4D1F-8893-4D1F1489D998}.Release|Any CPU.ActiveCfg = Release|Any CPU
		{C19AD54A-88F1-4D1F-8893-4D1F1489D998}.Release|Any CPU.Build.0 = Release|Any CPU
	EndGlobalSection
	GlobalSection(SolutionProperties) = preSolution
		HideSolutionNode = FALSE
	EndGlobalSection
	GlobalSection(ExtensibilityGlobals) = postSolution
		SolutionGuid = {C579D369-3B94-4892-AB80-F93645E20DA1}
	EndGlobalSection
EndGlobal
